
Microsoft Visual Studio Solution File, Format Version 12.00
# Visual Studio Version 17
VisualStudioVersion = 17.14.36915.13 d17.14
MinimumVisualStudioVersion = 10.0.40219.1
Project("{FAE04EC0-301F-11D3-BF4B-00C04F79EFBC}") = "ChatbotApp", "ChatbotApp.csproj", "{15CD9AF9-C6B9-4B2E-8672-194BD660C8B7}"
EndProject
Global
	GlobalSection(SolutionConfigurationPlatforms) = preSolution
		Debug|Any CPU = Debug|Any CPU
		Release|Any CPU = Release|Any CPU
	EndGlobalSection
	GlobalSection(ProjectConfigurationPlatforms) = postSolution
		{15CD9AF9-C6B9-4B2E-8672-194BD660C8B7}.Debug|Any CPU.ActiveCfg = Debug|Any CPU
		{15CD9AF9-C6B9-4B2E-8672-194BD660C8B7}.Debug|Any CPU.Build.0 = Debug|Any CPU
		{15CD9AF9-C6B9-4B2E-8672-194BD660C8B7}.Release|Any CPU.ActiveCfg = Release|Any CPU
		{15CD9AF9-C6B9-4B2E-8672-194BD660C8B7}.Release|Any CPU.Build.0 = Release|Any CPU
	EndGlobalSection
	GlobalSection(SolutionProperties) = preSolution
		HideSolutionNode = FALSE
	EndGlobalSection
	GlobalSection(ExtensibilityGlobals) = postSolution
		SolutionGuid = {D668FD33-0F00-47BD-B9A0-CA4EAE2AE568}
	EndGlobalSection
EndGlobal
